
Microsoft Visual Studio Solution File, Format Version 12.00
# Visual Studio Version 16
VisualStudioVersion = 16.0.30204.135
MinimumVisualStudioVersion = 10.0.40219.1
Project("{FAE04EC0-301F-11D3-BF4B-00C04F79EFBC}") = "PointsPerGame.Core", "PointsPerGame.Core\PointsPerGame.Core.csproj", "{5FDE7556-E499-4CB4-A8CF-6AB0B14BE22B}"
EndProject
Project("{FAE04EC0-301F-11D3-BF4B-00C04F79EFBC}") = "PointsPerGame.UI", "PointsPerGame.UI\PointsPerGame.UI.csproj", "{7642ECA5-DAA1-4BD6-BDED-7B13F309AFB8}"
EndProject
Project("{FAE04EC0-301F-11D3-BF4B-00C04F79EFBC}") = "PointsPerGame.UnitTests", "PointsPerGame.UnitTests\PointsPerGame.UnitTests.csproj", "{761E4A33-C9E6-4311-8C7C-DFF899190980}"
EndProject
Global
	GlobalSection(SolutionConfigurationPlatforms) = preSolution
		Debug|Any CPU = Debug|Any CPU
		Release|Any CPU = Release|Any CPU
	EndGlobalSection
	GlobalSection(ProjectConfigurationPlatforms) = postSolution
		{5FDE7556-E499-4CB4-A8CF-6AB0B14BE22B}.Debug|Any CPU.ActiveCfg = Debug|Any CPU
		{5FDE7556-E499-4CB4-A8CF-6AB0B14BE22B}.Debug|Any CPU.Build.0 = Debug|Any CPU
		{5FDE7556-E499-4CB4-A8CF-6AB0B14BE22B}.Release|Any CPU.ActiveCfg = Release|Any CPU
		{5FDE7556-E499-4CB4-A8CF-6AB0B14BE22B}.Release|Any CPU.Build.0 = Release|Any CPU
		{7642ECA5-DAA1-4BD6-BDED-7B13F309AFB8}.Debug|Any CPU.ActiveCfg = Debug|Any CPU
		{7642ECA5-DAA1-4BD6-BDED-7B13F309AFB8}.Debug|Any CPU.Build.0 = Debug|Any CPU
		{7642ECA5-DAA1-4BD6-BDED-7B13F309AFB8}.Release|Any CPU.ActiveCfg = Release|Any CPU
		{7642ECA5-DAA1-4BD6-BDED-7B13F309AFB8}.Release|Any CPU.Build.0 = Release|Any CPU
		{761E4A33-C9E6-4311-8C7C-DFF899190980}.Debug|Any CPU.ActiveCfg = Debug|Any CPU
		{761E4A33-C9E6-4311-8C7C-DFF899190980}.Debug|Any CPU.Build.0 = Debug|Any CPU
		{761E4A33-C9E6-4311-8C7C-DFF899190980}.Release|Any CPU.ActiveCfg = Release|Any CPU
		{761E4A33-C9E6-4311-8C7C-DFF899190980}.Release|Any CPU.Build.0 = Release|Any CPU
	EndGlobalSection
	GlobalSection(SolutionProperties) = preSolution
		HideSolutionNode = FALSE
	EndGlobalSection
	GlobalSection(ExtensibilityGlobals) = postSolution
		SolutionGuid = {D9732B58-1C8E-4374-B782-2EA7081B0260}
	EndGlobalSection
EndGlobal
